dependencies:
- name: postgresql
  repository: https://charts.bitnami.com/bitnami
  version: 18.6.10
- name: mysql
  repository: https://charts.bitnami.com/bitnami
  version: 14.0.3
digest: sha256:2b21bf9d95bbc126814c17daa740375058aa35c50d15592b9c6d24f116d18335
generated: "2026-05-31T02:43:57.764666293Z"
