dependencies:
- name: postgresql
  repository: https://charts.bitnami.com/bitnami
  version: 18.7.5
- name: mysql
  repository: https://charts.bitnami.com/bitnami
  version: 14.0.3
digest: sha256:54fd4352d0e616f59b8c15ad767a347a44f8eb330149a1b3b07f80544b2b3399
generated: "2026-06-18T10:37:11.929057091Z"
