dependencies:
- name: postgresql
  repository: https://charts.bitnami.com/bitnami
  version: 18.7.0
- name: mysql
  repository: https://charts.bitnami.com/bitnami
  version: 14.0.3
digest: sha256:ebabab8aafa6a866e715ca178185375ca4878ffbe963f8571a81b95d22734f9f
generated: "2026-06-02T02:44:54.018009745Z"
