dependencies:
- name: redis
  repository: https://charts.bitnami.com/bitnami
  version: 25.5.3
- name: postgresql
  repository: https://charts.bitnami.com/bitnami
  version: 18.7.0
- name: minio
  repository: https://charts.min.io/
  version: 5.4.0
digest: sha256:edb69562e55be360f3a25ca280902f68be38a5e8b1b83a213122bd8bcd07b655
generated: "2026-06-02T02:49:32.160966444Z"
