dependencies:
- name: redis
  repository: https://charts.bitnami.com/bitnami
  version: 27.0.10
- name: postgresql
  repository: https://charts.bitnami.com/bitnami
  version: 18.7.5
- name: minio
  repository: https://charts.min.io/
  version: 5.4.0
digest: sha256:1ce251044860a5cecbf25005936592fe0ffecf31613476d9f498889fb934cff8
generated: "2026-06-17T02:47:49.691704203Z"
