dependencies:
- name: redis
  repository: https://charts.bitnami.com/bitnami
  version: 27.0.0
- name: postgresql
  repository: https://charts.bitnami.com/bitnami
  version: 18.7.0
- name: minio
  repository: https://charts.min.io/
  version: 5.4.0
digest: sha256:3dbb185e2349753d1fc8aca2ed00c83fc74b6fc3b3ce2edbd6e7b783e6837bee
generated: "2026-06-02T19:33:40.803904063Z"
