dependencies:
- name: redis
  repository: https://charts.bitnami.com/bitnami
  version: 27.0.4
- name: postgresql
  repository: https://charts.bitnami.com/bitnami
  version: 18.7.3
- name: minio
  repository: https://charts.min.io/
  version: 5.4.0
digest: sha256:715e1a79041f2b2dab38bf56a5b82efeed9e8d88287f1952bf025673a3863aa3
generated: "2026-06-10T02:52:46.61937454Z"
